
Microsoft Visual Studio Solution File, Format Version 12.00
# Visual Studio Version 17
VisualStudioVersion = 17.13.35931.197 d17.13
MinimumVisualStudioVersion = 10.0.40219.1
Project("{FAE04EC0-301F-11D3-BF4B-00C04F79EFBC}") = "Memento", "Memento\Memento.csproj", "{8E9AD82F-0699-4755-BE42-09196AD74373}"
EndProject
Project("{FAE04EC0-301F-11D3-BF4B-00C04F79EFBC}") = "ClassLibrary", "ClassLibrary\ClassLibrary.csproj", "{89006F83-36E4-46DD-8652-295DD7EA235F}"
EndProject
Global
	GlobalSection(SolutionConfigurationPlatforms) = preSolution
		Debug|Any CPU = Debug|Any CPU
		Release|Any CPU = Release|Any CPU
	EndGlobalSection
	GlobalSection(ProjectConfigurationPlatforms) = postSolution
		{8E9AD82F-0699-4755-BE42-09196AD74373}.Debug|Any CPU.ActiveCfg = Debug|Any CPU
		{8E9AD82F-0699-4755-BE42-09196AD74373}.Debug|Any CPU.Build.0 = Debug|Any CPU
		{8E9AD82F-0699-4755-BE42-09196AD74373}.Release|Any CPU.ActiveCfg = Release|Any CPU
		{8E9AD82F-0699-4755-BE42-09196AD74373}.Release|Any CPU.Build.0 = Release|Any CPU
		{89006F83-36E4-46DD-8652-295DD7EA235F}.Debug|Any CPU.ActiveCfg = Debug|Any CPU
		{89006F83-36E4-46DD-8652-295DD7EA235F}.Debug|Any CPU.Build.0 = Debug|Any CPU
		{89006F83-36E4-46DD-8652-295DD7EA235F}.Release|Any CPU.ActiveCfg = Release|Any CPU
		{89006F83-36E4-46DD-8652-295DD7EA235F}.Release|Any CPU.Build.0 = Release|Any CPU
	EndGlobalSection
	GlobalSection(SolutionProperties) = preSolution
		HideSolutionNode = FALSE
	EndGlobalSection
	GlobalSection(ExtensibilityGlobals) = postSolution
		SolutionGuid = {BC3392C6-A0BA-47E0-92BB-448F660AF978}
	EndGlobalSection
EndGlobal
