
Microsoft Visual Studio Solution File, Format Version 12.00
# Visual Studio Version 17
VisualStudioVersion = 17.13.35828.75 d17.13
MinimumVisualStudioVersion = 10.0.40219.1
Project("{FAE04EC0-301F-11D3-BF4B-00C04F79EFBC}") = "Decorator", "Decorator\Decorator.csproj", "{1013E77C-8BAB-4907-8D43-4BB6DC9457F7}"
EndProject
Project("{FAE04EC0-301F-11D3-BF4B-00C04F79EFBC}") = "ClassLibrary", "ClassLibrary\ClassLibrary.csproj", "{4EB4215C-730C-47BB-A624-A73F0085B4D9}"
EndProject
Global
	GlobalSection(SolutionConfigurationPlatforms) = preSolution
		Debug|Any CPU = Debug|Any CPU
		Release|Any CPU = Release|Any CPU
	EndGlobalSection
	GlobalSection(ProjectConfigurationPlatforms) = postSolution
		{1013E77C-8BAB-4907-8D43-4BB6DC9457F7}.Debug|Any CPU.ActiveCfg = Debug|Any CPU
		{1013E77C-8BAB-4907-8D43-4BB6DC9457F7}.Debug|Any CPU.Build.0 = Debug|Any CPU
		{1013E77C-8BAB-4907-8D43-4BB6DC9457F7}.Release|Any CPU.ActiveCfg = Release|Any CPU
		{1013E77C-8BAB-4907-8D43-4BB6DC9457F7}.Release|Any CPU.Build.0 = Release|Any CPU
		{4EB4215C-730C-47BB-A624-A73F0085B4D9}.Debug|Any CPU.ActiveCfg = Debug|Any CPU
		{4EB4215C-730C-47BB-A624-A73F0085B4D9}.Debug|Any CPU.Build.0 = Debug|Any CPU
		{4EB4215C-730C-47BB-A624-A73F0085B4D9}.Release|Any CPU.ActiveCfg = Release|Any CPU
		{4EB4215C-730C-47BB-A624-A73F0085B4D9}.Release|Any CPU.Build.0 = Release|Any CPU
	EndGlobalSection
	GlobalSection(SolutionProperties) = preSolution
		HideSolutionNode = FALSE
	EndGlobalSection
	GlobalSection(ExtensibilityGlobals) = postSolution
		SolutionGuid = {1FC5204A-AFB2-4689-A6F0-D1AD63916548}
	EndGlobalSection
EndGlobal
