
Microsoft Visual Studio Solution File, Format Version 12.00
# Visual Studio Version 17
VisualStudioVersion = 17.13.35828.75 d17.13
MinimumVisualStudioVersion = 10.0.40219.1
Project("{FAE04EC0-301F-11D3-BF4B-00C04F79EFBC}") = "Bridge", "Bridge\Bridge.csproj", "{FF658595-F65A-4E3B-8123-53E17E4F8242}"
EndProject
Project("{FAE04EC0-301F-11D3-BF4B-00C04F79EFBC}") = "ClassLibrary", "ClassLibrary\ClassLibrary.csproj", "{86B6D9DB-3A03-474B-AEF9-F0D088582D95}"
EndProject
Global
	GlobalSection(SolutionConfigurationPlatforms) = preSolution
		Debug|Any CPU = Debug|Any CPU
		Release|Any CPU = Release|Any CPU
	EndGlobalSection
	GlobalSection(ProjectConfigurationPlatforms) = postSolution
		{FF658595-F65A-4E3B-8123-53E17E4F8242}.Debug|Any CPU.ActiveCfg = Debug|Any CPU
		{FF658595-F65A-4E3B-8123-53E17E4F8242}.Debug|Any CPU.Build.0 = Debug|Any CPU
		{FF658595-F65A-4E3B-8123-53E17E4F8242}.Release|Any CPU.ActiveCfg = Release|Any CPU
		{FF658595-F65A-4E3B-8123-53E17E4F8242}.Release|Any CPU.Build.0 = Release|Any CPU
		{86B6D9DB-3A03-474B-AEF9-F0D088582D95}.Debug|Any CPU.ActiveCfg = Debug|Any CPU
		{86B6D9DB-3A03-474B-AEF9-F0D088582D95}.Debug|Any CPU.Build.0 = Debug|Any CPU
		{86B6D9DB-3A03-474B-AEF9-F0D088582D95}.Release|Any CPU.ActiveCfg = Release|Any CPU
		{86B6D9DB-3A03-474B-AEF9-F0D088582D95}.Release|Any CPU.Build.0 = Release|Any CPU
	EndGlobalSection
	GlobalSection(SolutionProperties) = preSolution
		HideSolutionNode = FALSE
	EndGlobalSection
	GlobalSection(ExtensibilityGlobals) = postSolution
		SolutionGuid = {8BE72D10-4AE1-4D9F-AAE3-6AB68D0D339D}
	EndGlobalSection
EndGlobal
