
Microsoft Visual Studio Solution File, Format Version 12.00
# Visual Studio Version 17
VisualStudioVersion = 17.13.35931.197
MinimumVisualStudioVersion = 10.0.40219.1
Project("{FAE04EC0-301F-11D3-BF4B-00C04F79EFBC}") = "Intermediary", "Intermediary\Intermediary.csproj", "{771F43C3-2C3A-4BF8-A1F5-E4C650E3EC74}"
EndProject
Project("{FAE04EC0-301F-11D3-BF4B-00C04F79EFBC}") = "ClassLibrary", "ClassLibrary\ClassLibrary.csproj", "{8F0C501B-E2DD-4CED-B1FC-6CD3986C3383}"
EndProject
Global
	GlobalSection(SolutionConfigurationPlatforms) = preSolution
		Debug|Any CPU = Debug|Any CPU
		Release|Any CPU = Release|Any CPU
	EndGlobalSection
	GlobalSection(ProjectConfigurationPlatforms) = postSolution
		{771F43C3-2C3A-4BF8-A1F5-E4C650E3EC74}.Debug|Any CPU.ActiveCfg = Debug|Any CPU
		{771F43C3-2C3A-4BF8-A1F5-E4C650E3EC74}.Debug|Any CPU.Build.0 = Debug|Any CPU
		{771F43C3-2C3A-4BF8-A1F5-E4C650E3EC74}.Release|Any CPU.ActiveCfg = Release|Any CPU
		{771F43C3-2C3A-4BF8-A1F5-E4C650E3EC74}.Release|Any CPU.Build.0 = Release|Any CPU
		{8F0C501B-E2DD-4CED-B1FC-6CD3986C3383}.Debug|Any CPU.ActiveCfg = Debug|Any CPU
		{8F0C501B-E2DD-4CED-B1FC-6CD3986C3383}.Debug|Any CPU.Build.0 = Debug|Any CPU
		{8F0C501B-E2DD-4CED-B1FC-6CD3986C3383}.Release|Any CPU.ActiveCfg = Release|Any CPU
		{8F0C501B-E2DD-4CED-B1FC-6CD3986C3383}.Release|Any CPU.Build.0 = Release|Any CPU
	EndGlobalSection
	GlobalSection(SolutionProperties) = preSolution
		HideSolutionNode = FALSE
	EndGlobalSection
	GlobalSection(ExtensibilityGlobals) = postSolution
		SolutionGuid = {575A4946-49A5-4FE8-801A-68C9E4834031}
	EndGlobalSection
EndGlobal
