
Microsoft Visual Studio Solution File, Format Version 12.00
# Visual Studio Version 17
VisualStudioVersion = 17.13.35828.75 d17.13
MinimumVisualStudioVersion = 10.0.40219.1
Project("{FAE04EC0-301F-11D3-BF4B-00C04F79EFBC}") = "Adapter", "Adapter\Adapter.csproj", "{DA1389B7-7954-40FD-9317-97803E541B88}"
EndProject
Project("{FAE04EC0-301F-11D3-BF4B-00C04F79EFBC}") = "ClassLibrary", "ClassLibrary\ClassLibrary.csproj", "{2F48ECCD-68BA-4143-AF4C-069552D39473}"
EndProject
Global
	GlobalSection(SolutionConfigurationPlatforms) = preSolution
		Debug|Any CPU = Debug|Any CPU
		Release|Any CPU = Release|Any CPU
	EndGlobalSection
	GlobalSection(ProjectConfigurationPlatforms) = postSolution
		{DA1389B7-7954-40FD-9317-97803E541B88}.Debug|Any CPU.ActiveCfg = Debug|Any CPU
		{DA1389B7-7954-40FD-9317-97803E541B88}.Debug|Any CPU.Build.0 = Debug|Any CPU
		{DA1389B7-7954-40FD-9317-97803E541B88}.Release|Any CPU.ActiveCfg = Release|Any CPU
		{DA1389B7-7954-40FD-9317-97803E541B88}.Release|Any CPU.Build.0 = Release|Any CPU
		{2F48ECCD-68BA-4143-AF4C-069552D39473}.Debug|Any CPU.ActiveCfg = Debug|Any CPU
		{2F48ECCD-68BA-4143-AF4C-069552D39473}.Debug|Any CPU.Build.0 = Debug|Any CPU
		{2F48ECCD-68BA-4143-AF4C-069552D39473}.Release|Any CPU.ActiveCfg = Release|Any CPU
		{2F48ECCD-68BA-4143-AF4C-069552D39473}.Release|Any CPU.Build.0 = Release|Any CPU
	EndGlobalSection
	GlobalSection(SolutionProperties) = preSolution
		HideSolutionNode = FALSE
	EndGlobalSection
	GlobalSection(ExtensibilityGlobals) = postSolution
		SolutionGuid = {55E606B8-E475-4D32-8BC4-14C2FE8B7DD8}
	EndGlobalSection
EndGlobal
