
Microsoft Visual Studio Solution File, Format Version 12.00
# Visual Studio Version 17
VisualStudioVersion = 17.13.35828.75 d17.13
MinimumVisualStudioVersion = 10.0.40219.1
Project("{FAE04EC0-301F-11D3-BF4B-00C04F79EFBC}") = "Composite", "Composite\Composite.csproj", "{A92C106B-CBF2-4B50-AB9D-F834199D0CF9}"
EndProject
Project("{FAE04EC0-301F-11D3-BF4B-00C04F79EFBC}") = "ClassLibrary", "ClassLibrary\ClassLibrary.csproj", "{8F3424EF-B12D-441E-B468-B52D28E1E8F8}"
EndProject
Global
	GlobalSection(SolutionConfigurationPlatforms) = preSolution
		Debug|Any CPU = Debug|Any CPU
		Release|Any CPU = Release|Any CPU
	EndGlobalSection
	GlobalSection(ProjectConfigurationPlatforms) = postSolution
		{A92C106B-CBF2-4B50-AB9D-F834199D0CF9}.Debug|Any CPU.ActiveCfg = Debug|Any CPU
		{A92C106B-CBF2-4B50-AB9D-F834199D0CF9}.Debug|Any CPU.Build.0 = Debug|Any CPU
		{A92C106B-CBF2-4B50-AB9D-F834199D0CF9}.Release|Any CPU.ActiveCfg = Release|Any CPU
		{A92C106B-CBF2-4B50-AB9D-F834199D0CF9}.Release|Any CPU.Build.0 = Release|Any CPU
		{8F3424EF-B12D-441E-B468-B52D28E1E8F8}.Debug|Any CPU.ActiveCfg = Debug|Any CPU
		{8F3424EF-B12D-441E-B468-B52D28E1E8F8}.Debug|Any CPU.Build.0 = Debug|Any CPU
		{8F3424EF-B12D-441E-B468-B52D28E1E8F8}.Release|Any CPU.ActiveCfg = Release|Any CPU
		{8F3424EF-B12D-441E-B468-B52D28E1E8F8}.Release|Any CPU.Build.0 = Release|Any CPU
	EndGlobalSection
	GlobalSection(SolutionProperties) = preSolution
		HideSolutionNode = FALSE
	EndGlobalSection
	GlobalSection(ExtensibilityGlobals) = postSolution
		SolutionGuid = {2144EE35-6283-435B-BEB4-587B0A4D08C8}
	EndGlobalSection
EndGlobal
