
Microsoft Visual Studio Solution File, Format Version 12.00
# Visual Studio Version 17
VisualStudioVersion = 17.13.35806.99
MinimumVisualStudioVersion = 10.0.40219.1
Project("{FAE04EC0-301F-11D3-BF4B-00C04F79EFBC}") = "ConsoleApp", "Warehouse\Warehouse.csproj", "{91EB9B57-A472-4208-9456-6A9C56EA76FB}"
	ProjectSection(ProjectDependencies) = postProject
		{A049B49F-9332-4D98-9F0F-E8DAA03148D8} = {A049B49F-9332-4D98-9F0F-E8DAA03148D8}
	EndProjectSection
EndProject
Project("{FAE04EC0-301F-11D3-BF4B-00C04F79EFBC}") = "ClassLibrary", "ClassLibrary\ClassLibrary.csproj", "{A049B49F-9332-4D98-9F0F-E8DAA03148D8}"
EndProject
Global
	GlobalSection(SolutionConfigurationPlatforms) = preSolution
		Debug|Any CPU = Debug|Any CPU
		Release|Any CPU = Release|Any CPU
	EndGlobalSection
	GlobalSection(ProjectConfigurationPlatforms) = postSolution
		{91EB9B57-A472-4208-9456-6A9C56EA76FB}.Debug|Any CPU.ActiveCfg = Debug|Any CPU
		{91EB9B57-A472-4208-9456-6A9C56EA76FB}.Debug|Any CPU.Build.0 = Debug|Any CPU
		{91EB9B57-A472-4208-9456-6A9C56EA76FB}.Release|Any CPU.ActiveCfg = Release|Any CPU
		{91EB9B57-A472-4208-9456-6A9C56EA76FB}.Release|Any CPU.Build.0 = Release|Any CPU
		{A049B49F-9332-4D98-9F0F-E8DAA03148D8}.Debug|Any CPU.ActiveCfg = Debug|Any CPU
		{A049B49F-9332-4D98-9F0F-E8DAA03148D8}.Debug|Any CPU.Build.0 = Debug|Any CPU
		{A049B49F-9332-4D98-9F0F-E8DAA03148D8}.Release|Any CPU.ActiveCfg = Release|Any CPU
		{A049B49F-9332-4D98-9F0F-E8DAA03148D8}.Release|Any CPU.Build.0 = Release|Any CPU
	EndGlobalSection
	GlobalSection(SolutionProperties) = preSolution
		HideSolutionNode = FALSE
	EndGlobalSection
	GlobalSection(ExtensibilityGlobals) = postSolution
		SolutionGuid = {12BF962E-B1E1-4EEE-A9BD-3902220EDB21}
	EndGlobalSection
EndGlobal
